<?xml version="1.0" encoding="UTF-8"?>
<CodeBlocks_project_file>
	<FileVersion major="1" minor="6"/>
	<Project>
		<Option title="ACM3_CLion"/>
		<Option makefile_is_custom="1"/>
		<Option compiler="gcc"/>
		<Option virtualFolders="CMake Files\;"/>
		<Build>
			<Target title="all">
				<Option working_dir="/Users/songyunlong/CLionProjects/ACM4/UVa673-ParenthesesBalance"/>
				<Option type="4"/>
				<MakeCommands>
					<Build command="/usr/bin/make -f &quot;/Users/songyunlong/CLionProjects/ACM4/UVa673-ParenthesesBalance/Makefile&quot;  VERBOSE=1 all"/>
					<CompileFile command="/usr/bin/make -f &quot;/Users/songyunlong/CLionProjects/ACM4/UVa673-ParenthesesBalance/Makefile&quot;  VERBOSE=1 &quot;$file&quot;"/>
					<Clean command="/usr/bin/make -f &quot;/Users/songyunlong/CLionProjects/ACM4/UVa673-ParenthesesBalance/Makefile&quot;  VERBOSE=1 clean"/>
					<DistClean command="/usr/bin/make -f &quot;/Users/songyunlong/CLionProjects/ACM4/UVa673-ParenthesesBalance/Makefile&quot;  VERBOSE=1 clean"/>
				</MakeCommands>
			</Target>
			<Target title="rebuild_cache">
				<Option working_dir="/Users/songyunlong/CLionProjects/ACM4/UVa673-ParenthesesBalance"/>
				<Option type="4"/>
				<MakeCommands>
					<Build command="/usr/bin/make -f &quot;/Users/songyunlong/CLionProjects/ACM4/UVa673-ParenthesesBalance/Makefile&quot;  VERBOSE=1 rebuild_cache"/>
					<CompileFile command="/usr/bin/make -f &quot;/Users/songyunlong/CLionProjects/ACM4/UVa673-ParenthesesBalance/Makefile&quot;  VERBOSE=1 &quot;$file&quot;"/>
					<Clean command="/usr/bin/make -f &quot;/Users/songyunlong/CLionProjects/ACM4/UVa673-ParenthesesBalance/Makefile&quot;  VERBOSE=1 clean"/>
					<DistClean command="/usr/bin/make -f &quot;/Users/songyunlong/CLionProjects/ACM4/UVa673-ParenthesesBalance/Makefile&quot;  VERBOSE=1 clean"/>
				</MakeCommands>
			</Target>
			<Target title="edit_cache">
				<Option working_dir="/Users/songyunlong/CLionProjects/ACM4/UVa673-ParenthesesBalance"/>
				<Option type="4"/>
				<MakeCommands>
					<Build command="/usr/bin/make -f &quot;/Users/songyunlong/CLionProjects/ACM4/UVa673-ParenthesesBalance/Makefile&quot;  VERBOSE=1 edit_cache"/>
					<CompileFile command="/usr/bin/make -f &quot;/Users/songyunlong/CLionProjects/ACM4/UVa673-ParenthesesBalance/Makefile&quot;  VERBOSE=1 &quot;$file&quot;"/>
					<Clean command="/usr/bin/make -f &quot;/Users/songyunlong/CLionProjects/ACM4/UVa673-ParenthesesBalance/Makefile&quot;  VERBOSE=1 clean"/>
					<DistClean command="/usr/bin/make -f &quot;/Users/songyunlong/CLionProjects/ACM4/UVa673-ParenthesesBalance/Makefile&quot;  VERBOSE=1 clean"/>
				</MakeCommands>
			</Target>
			<Target title="UVa673">
				<Option output="/Users/songyunlong/CLionProjects/ACM4/UVa673-ParenthesesBalance/UVa673" prefix_auto="0" extension_auto="0"/>
				<Option working_dir="/Users/songyunlong/CLionProjects/ACM4/UVa673-ParenthesesBalance"/>
				<Option object_output="./"/>
				<Option type="1"/>
				<Option compiler="gcc"/>
				<Compiler/>
				<MakeCommands>
					<Build command="/usr/bin/make -f &quot;/Users/songyunlong/CLionProjects/ACM4/UVa673-ParenthesesBalance/Makefile&quot;  VERBOSE=1 UVa673"/>
					<CompileFile command="/usr/bin/make -f &quot;/Users/songyunlong/CLionProjects/ACM4/UVa673-ParenthesesBalance/Makefile&quot;  VERBOSE=1 &quot;$file&quot;"/>
					<Clean command="/usr/bin/make -f &quot;/Users/songyunlong/CLionProjects/ACM4/UVa673-ParenthesesBalance/Makefile&quot;  VERBOSE=1 clean"/>
					<DistClean command="/usr/bin/make -f &quot;/Users/songyunlong/CLionProjects/ACM4/UVa673-ParenthesesBalance/Makefile&quot;  VERBOSE=1 clean"/>
				</MakeCommands>
			</Target>
			<Target title="UVa673/fast">
				<Option output="/Users/songyunlong/CLionProjects/ACM4/UVa673-ParenthesesBalance/UVa673" prefix_auto="0" extension_auto="0"/>
				<Option working_dir="/Users/songyunlong/CLionProjects/ACM4/UVa673-ParenthesesBalance"/>
				<Option object_output="./"/>
				<Option type="1"/>
				<Option compiler="gcc"/>
				<Compiler/>
				<MakeCommands>
					<Build command="/usr/bin/make -f &quot;/Users/songyunlong/CLionProjects/ACM4/UVa673-ParenthesesBalance/Makefile&quot;  VERBOSE=1 UVa673/fast"/>
					<CompileFile command="/usr/bin/make -f &quot;/Users/songyunlong/CLionProjects/ACM4/UVa673-ParenthesesBalance/Makefile&quot;  VERBOSE=1 &quot;$file&quot;"/>
					<Clean command="/usr/bin/make -f &quot;/Users/songyunlong/CLionProjects/ACM4/UVa673-ParenthesesBalance/Makefile&quot;  VERBOSE=1 clean"/>
					<DistClean command="/usr/bin/make -f &quot;/Users/songyunlong/CLionProjects/ACM4/UVa673-ParenthesesBalance/Makefile&quot;  VERBOSE=1 clean"/>
				</MakeCommands>
			</Target>
		</Build>
		<Unit filename="/Users/songyunlong/CLionProjects/ACM4/UVa673-ParenthesesBalance/Parentheses.cpp">
			<Option target="UVa673"/>
		</Unit>
		<Unit filename="/Users/songyunlong/CLionProjects/ACM4/UVa673-ParenthesesBalance/Parentheses.h">
			<Option target="UVa673"/>
		</Unit>
		<Unit filename="/Users/songyunlong/CLionProjects/ACM4/UVa673-ParenthesesBalance/main.cpp">
			<Option target="UVa673"/>
		</Unit>
		<Unit filename="/Users/songyunlong/CLionProjects/ACM4/UVa673-ParenthesesBalance/CMakeLists.txt">
			<Option virtualFolder="CMake Files\"/>
		</Unit>
	</Project>
</CodeBlocks_project_file>
